
Microsoft Visual Studio Solution File, Format Version 12.00
# Visual Studio Version 17
VisualStudioVersion = 17.4.33205.214
MinimumVisualStudioVersion = 10.0.40219.1
Project("{FAE04EC0-301F-11D3-BF4B-00C04F79EFBC}") = "Session-06", "Session-06\Session-06.csproj", "{A66D2AA3-0BFF-48E9-9912-D2954B4E0138}"
EndProject
Global
	GlobalSection(SolutionConfigurationPlatforms) = preSolution
		Debug|Any CPU = Debug|Any CPU
		Release|Any CPU = Release|Any CPU
	EndGlobalSection
	GlobalSection(ProjectConfigurationPlatforms) = postSolution
		{A66D2AA3-0BFF-48E9-9912-D2954B4E0138}.Debug|Any CPU.ActiveCfg = Debug|Any CPU
		{A66D2AA3-0BFF-48E9-9912-D2954B4E0138}.Debug|Any CPU.Build.0 = Debug|Any CPU
		{A66D2AA3-0BFF-48E9-9912-D2954B4E0138}.Release|Any CPU.ActiveCfg = Release|Any CPU
		{A66D2AA3-0BFF-48E9-9912-D2954B4E0138}.Release|Any CPU.Build.0 = Release|Any CPU
	EndGlobalSection
	GlobalSection(SolutionProperties) = preSolution
		HideSolutionNode = FALSE
	EndGlobalSection
	GlobalSection(ExtensibilityGlobals) = postSolution
		SolutionGuid = {8B94BE71-2289-4455-ACCB-D00655288257}
	EndGlobalSection
EndGlobal
