
Microsoft Visual Studio Solution File, Format Version 12.00
# Visual Studio Version 17
VisualStudioVersion = 17.4.33205.214
MinimumVisualStudioVersion = 10.0.40219.1
Project("{FAE04EC0-301F-11D3-BF4B-00C04F79EFBC}") = "Session-07", "Session-07\Session-07.csproj", "{9603C12C-BCBD-43F1-9E9C-3059F9AE5BE8}"
EndProject
Global
	GlobalSection(SolutionConfigurationPlatforms) = preSolution
		Debug|Any CPU = Debug|Any CPU
		Release|Any CPU = Release|Any CPU
	EndGlobalSection
	GlobalSection(ProjectConfigurationPlatforms) = postSolution
		{9603C12C-BCBD-43F1-9E9C-3059F9AE5BE8}.Debug|Any CPU.ActiveCfg = Debug|Any CPU
		{9603C12C-BCBD-43F1-9E9C-3059F9AE5BE8}.Debug|Any CPU.Build.0 = Debug|Any CPU
		{9603C12C-BCBD-43F1-9E9C-3059F9AE5BE8}.Release|Any CPU.ActiveCfg = Release|Any CPU
		{9603C12C-BCBD-43F1-9E9C-3059F9AE5BE8}.Release|Any CPU.Build.0 = Release|Any CPU
	EndGlobalSection
	GlobalSection(SolutionProperties) = preSolution
		HideSolutionNode = FALSE
	EndGlobalSection
	GlobalSection(ExtensibilityGlobals) = postSolution
		SolutionGuid = {B95F2866-DDF4-41CE-8362-FA3C80B87F51}
	EndGlobalSection
EndGlobal
